// !$*UTF8*$!
{
	archiveVersion = 1;
	classes = {
	};
	objectVersion = 46;
	objects = {

/* Begin PBXBuildFile section */
		BD4FA2A51A6D45D000E51C61 /* main.m in Sources */ = {isa = PBXBuildFile; fileRef = BD4FA2A41A6D45D000E51C61 /* main.m */; };
		BD4FA2A81A6D45D000E51C61 /* AppDelegate.m in Sources */ = {isa = PBXBuildFile; fileRef = BD4FA2A71A6D45D000E51C61 /* AppDelegate.m */; };
		BD4FA2AB1A6D45D000E51C61 /* ViewController.m in Sources */ = {isa = PBXBuildFile; fileRef = BD4FA2AA1A6D45D000E51C61 /* ViewController.m */; };
		BD4FA2AE1A6D45D000E51C61 /* Main.storyboard in Resources */ = {isa = PBXBuildFile; fileRef = BD4FA2AC1A6D45D000E51C61 /* Main.storyboard */; };
		BD4FA2B01A6D45D000E51C61 /* Images.xcassets in Resources */ = {isa = PBXBuildFile; fileRef = BD4FA2AF1A6D45D000E51C61 /* Images.xcassets */; };
		BD4FA2B31A6D45D000E51C61 /* LaunchScreen.xib in Resources */ = {isa = PBXBuildFile; fileRef = BD4FA2B11A6D45D000E51C61 /* LaunchScreen.xib */; };
		BD4FA2BF1A6D45D000E51C61 /* HelloWorldTests.m in Sources */ = {isa = PBXBuildFile; fileRef = BD4FA2BE1A6D45D000E51C61 /* HelloWorldTests.m */; };
/* End PBXBuildFile section */

/* Begin PBXContainerItemProxy section */
		BD4FA2B91A6D45D000E51C61 /* PBXContainerItemProxy */ = {
			isa = PBXContainerItemProxy;
			containerPortal = BD4FA2971A6D45D000E51C61 /* Project object */;
			proxyType = 1;
			remoteGlobalIDString = BD4FA29E1A6D45D000E51C61;
			remoteInfo = HelloWorld;
		};
/* End PBXContainerItemProxy section */

/* Begin PBXFileReference section */
		BD4FA29F1A6D45D000E51C61 /* HelloWorld.app */ = {isa = PBXFileReference; explicitFileType = wrapper.application; includeInIndex = 0; path = HelloWorld.app; sourceTree = BUILT_PRODUCTS_DIR; };
		BD4FA2A31A6D45D000E51C61 /* Info.plist */ = {isa = PBXFileReference; lastKnownFileType = text.plist.xml; path = Info.plist; sourceTree = "<group>"; };
		BD4FA2A41A6D45D000E51C61 /* main.m */ = {isa = PBXFileReference; lastKnownFileType = sourcecode.c.objc; path = main.m; sourceTree = "<group>"; };
		BD4FA2A61A6D45D000E51C61 /* AppDelegate.h */ = {isa = PBXFileReference; lastKnownFileType = sourcecode.c.h; path = AppDelegate.h; sourceTree = "<group>"; };
		BD4FA2A71A6D45D000E51C61 /* AppDelegate.m */ = {isa = PBXFileReference; lastKnownFileType = sourcecode.c.objc; path = AppDelegate.m; sourceTree = "<group>"; };
		BD4FA2A91A6D45D000E51C61 /* ViewController.h */ = {isa = PBXFileReference; lastKnownFileType = sourcecode.c.h; path = ViewController.h; sourceTree = "<group>"; };
		BD4FA2AA1A6D45D000E51C61 /* ViewController.m */ = {isa = PBXFileReference; lastKnownFileType = sourcecode.c.objc; path = ViewController.m; sourceTree = "<group>"; };
		BD4FA2AD1A6D45D000E51C61 /* Base */ = {isa = PBXFileReference; lastKnownFileType = file.storyboard; name = Base; path = Base.lproj/Main.storyboard; sourceTree = "<group>"; };
		BD4FA2AF1A6D45D000E51C61 /* Images.xcassets */ = {isa = PBXFileReference; lastKnownFileType = folder.assetcatalog; path = Images.xcassets; sourceTree = "<group>"; };
		BD4FA2B21A6D45D000E51C61 /* Base */ = {isa = PBXFileReference; lastKnownFileType = file.xib; name = Base; path = Base.lproj/LaunchScreen.xib; sourceTree = "<group>"; };
		BD4FA2B81A6D45D000E51C61 /* HelloWorldTests.xctest */ = {isa = PBXFileReference; explicitFileType = wrapper.cfbundle; includeInIndex = 0; path = HelloWorldTests.xctest; sourceTree = BUILT_PRODUCTS_DIR; };
		BD4FA2BD1A6D45D000E51C61 /* Info.plist */ = {isa = PBXFileReference; lastKnownFileType = text.plist.xml; path = Info.plist; sourceTree = "<group>"; };
		BD4FA2BE1A6D45D000E51C61 /* HelloWorldTests.m */ = {isa = PBXFileReference; lastKnownFileType = sourcecode.c.objc; path = HelloWorldTests.m; sourceTree = "<group>"; };
/* End PBXFileReference section */

/* Begin PBXFrameworksBuildPhase section */
		BD4FA29C1A6D45D000E51C61 /* Frameworks */ = {
			isa = PBXFrameworksBuildPhase;
			buildActionMask = 2147483647;
			files = (
			);
			runOnlyForDeploymentPostprocessing = 0;
		};
		BD4FA2B51A6D45D000E51C61 /* Frameworks */ = {
			isa = PBXFrameworksBuildPhase;
			buildActionMask = 2147483647;
			files = (
			);
			runOnlyForDeploymentPostprocessing = 0;
		};
/* End PBXFrameworksBuildPhase section */

/* Begin PBXGroup section */
		BD4FA2961A6D45D000E51C61 = {
			isa = PBXGroup;
			children = (
				BD4FA2A11A6D45D000E51C61 /* HelloWorld */,
				BD4FA2BB1A6D45D000E51C61 /* HelloWorldTests */,
				BD4FA2A01A6D45D000E51C61 /* Products */,
			);
			sourceTree = "<group>";
		};
		BD4FA2A01A6D45D000E51C61 /* Products */ = {
			isa = PBXGroup;
			children = (
				BD4FA29F1A6D45D000E51C61 /* HelloWorld.app */,
				BD4FA2B81A6D45D000E51C61 /* HelloWorldTests.xctest */,
			);
			name = Products;
			sourceTree = "<group>";
		};
		BD4FA2A11A6D45D000E51C61 /* HelloWorld */ = {
			isa = PBXGroup;
			children = (
				BD4FA2A61A6D45D000E51C61 /* AppDelegate.h */,
				BD4FA2A71A6D45D000E51C61 /* AppDelegate.m */,
				BD4FA2A91A6D45D000E51C61 /* ViewController.h */,
				BD4FA2AA1A6D45D000E51C61 /* ViewController.m */,
				BD4FA2AC1A6D45D000E51C61 /* Main.storyboard */,
				BD4FA2AF1A6D45D000E51C61 /* Images.xcassets */,
				BD4FA2B11A6D45D000E51C61 /* LaunchScreen.xib */,
				BD4FA2A21A6D45D000E51C61 /* Supporting Files */,
			);
			path = HelloWorld;
			sourceTree = "<group>";
		};
		BD4FA2A21A6D45D000E51C61 /* Supporting Files */ = {
			isa = PBXGroup;
			children = (
				BD4FA2A31A6D45D000E51C61 /* Info.plist */,
				BD4FA2A41A6D45D000E51C61 /* main.m */,
			);
			name = "Supporting Files";
			sourceTree = "<group>";
		};
		BD4FA2BB1A6D45D000E51C61 /* HelloWorldTests */ = {
			isa = PBXGroup;
			children = (
				BD4FA2BE1A6D45D000E51C61 /* HelloWorldTests.m */,
				BD4FA2BC1A6D45D000E51C61 /* Supporting Files */,
			);
			path = HelloWorldTests;
			sourceTree = "<group>";
		};
		BD4FA2BC1A6D45D000E51C61 /* Supporting Files */ = {
			isa = PBXGroup;
			children = (
				BD4FA2BD1A6D45D000E51C61 /* Info.plist */,
			);
			name = "Supporting Files";
			sourceTree = "<group>";
		};
/* End PBXGroup section */

/* Begin PBXNativeTarget section */
		BD4FA29E1A6D45D000E51C61 /* HelloWorld */ = {
			isa = PBXNativeTarget;
			buildConfigurationList = BD4FA2C21A6D45D000E51C61 /* Build configuration list for PBXNativeTarget "HelloWorld" */;
			buildPhases = (
				BD4FA29B1A6D45D000E51C61 /* Sources */,
				BD4FA29C1A6D45D000E51C61 /* Frameworks */,
				BD4FA29D1A6D45D000E51C61 /* Resources */,
			);
			buildRules = (
			);
			dependencies = (
			);
			name = HelloWorld;
			productName = HelloWorld;
			productReference = BD4FA29F1A6D45D000E51C61 /* HelloWorld.app */;
			productType = "com.apple.product-type.application";
		};
		BD4FA2B71A6D45D000E51C61 /* HelloWorldTests */ = {
			isa = PBXNativeTarget;
			buildConfigurationList = BD4FA2C51A6D45D000E51C61 /* Build configuration list for PBXNativeTarget "HelloWorldTests" */;
			buildPhases = (
				BD4FA2B41A6D45D000E51C61 /* Sources */,
				BD4FA2B51A6D45D000E51C61 /* Frameworks */,
				BD4FA2B61A6D45D000E51C61 /* Resources */,
			);
			buildRules = (
			);
			dependencies = (
				BD4FA2BA1A6D45D000E51C61 /* PBXTargetDependency */,
			);
			name = HelloWorldTests;
			productName = HelloWorldTests;
			productReference = BD4FA2B81A6D45D000E51C61 /* HelloWorldTests.xctest */;
			productType = "com.apple.product-type.bundle.unit-test";
		};
/* End PBXNativeTarget section */

/* Begin PBXProject section */
		BD4FA2971A6D45D000E51C61 /* Project object */ = {
			isa = PBXProject;
			attributes = {
				LastUpgradeCheck = 0610;
				ORGANIZATIONNAME = "Rui Yuan";
				TargetAttributes = {
					BD4FA29E1A6D45D000E51C61 = {
						CreatedOnToolsVersion = 6.1.1;
					};
					BD4FA2B71A6D45D000E51C61 = {
						CreatedOnToolsVersion = 6.1.1;
						TestTargetID = BD4FA29E1A6D45D000E51C61;
					};
				};
			};
			buildConfigurationList = BD4FA29A1A6D45D000E51C61 /* Build configuration list for PBXProject "HelloWorld" */;
			compatibilityVersion = "Xcode 3.2";
			developmentRegion = English;
			hasScannedForEncodings = 0;
			knownRegions = (
				en,
				Base,
			);
			mainGroup = BD4FA2961A6D45D000E51C61;
			productRefGroup = BD4FA2A01A6D45D000E51C61 /* Products */;
			projectDirPath = "";
			projectRoot = "";
			targets = (
				BD4FA29E1A6D45D000E51C61 /* HelloWorld */,
				BD4FA2B71A6D45D000E51C61 /* HelloWorldTests */,
			);
		};
/* End PBXProject section */

/* Begin PBXResourcesBuildPhase section */
		BD4FA29D1A6D45D000E51C61 /* Resources */ = {
			isa = PBXResourcesBuildPhase;
			buildActionMask = 2147483647;
			files = (
				BD4FA2AE1A6D45D000E51C61 /* Main.storyboard in Resources */,
				BD4FA2B31A6D45D000E51C61 /* LaunchScreen.xib in Resources */,
				BD4FA2B01A6D45D000E51C61 /* Images.xcassets in Resources */,
			);
			runOnlyForDeploymentPostprocessing = 0;
		};
		BD4FA2B61A6D45D000E51C61 /* Resources */ = {
			isa = PBXResourcesBuildPhase;
			buildActionMask = 2147483647;
			files = (
			);
			runOnlyForDeploymentPostprocessing = 0;
		};
/* End PBXResourcesBuildPhase section */

/* Begin PBXSourcesBuildPhase section */
		BD4FA29B1A6D45D000E51C61 /* Sources */ = {
			isa = PBXSourcesBuildPhase;
			buildActionMask = 2147483647;
			files = (
				BD4FA2AB1A6D45D000E51C61 /* ViewController.m in Sources */,
				BD4FA2A81A6D45D000E51C61 /* AppDelegate.m in Sources */,
				BD4FA2A51A6D45D000E51C61 /* main.m in Sources */,
			);
			runOnlyForDeploymentPostprocessing = 0;
		};
		BD4FA2B41A6D45D000E51C61 /* Sources */ = {
			isa = PBXSourcesBuildPhase;
			buildActionMask = 2147483647;
			files = (
				BD4FA2BF1A6D45D000E51C61 /* HelloWorldTests.m in Sources */,
			);
			runOnlyForDeploymentPostprocessing = 0;
		};
/* End PBXSourcesBuildPhase section */

/* Begin PBXTargetDependency section */
		BD4FA2BA1A6D45D000E51C61 /* PBXTargetDependency */ = {
			isa = PBXTargetDependency;
			target = BD4FA29E1A6D45D000E51C61 /* HelloWorld */;
			targetProxy = BD4FA2B91A6D45D000E51C61 /* PBXContainerItemProxy */;
		};
/* End PBXTargetDependency section */

/* Begin PBXVariantGroup section */
		BD4FA2AC1A6D45D000E51C61 /* Main.storyboard */ = {
			isa = PBXVariantGroup;
			children = (
				BD4FA2AD1A6D45D000E51C61 /* Base */,
			);
			name = Main.storyboard;
			sourceTree = "<group>";
		};
		BD4FA2B11A6D45D000E51C61 /* LaunchScreen.xib */ = {
			isa = PBXVariantGroup;
			children = (
				BD4FA2B21A6D45D000E51C61 /* Base */,
			);
			name = LaunchScreen.xib;
			sourceTree = "<group>";
		};
/* End PBXVariantGroup section */

/* Begin XCBuildConfiguration section */
		BD4FA2C01A6D45D000E51C61 /* Debug */ = {
			isa = XCBuildConfiguration;
			buildSettings = {
				ALWAYS_SEARCH_USER_PATHS = NO;
				CLANG_CXX_LANGUAGE_STANDARD = "gnu++0x";
				CLANG_CXX_LIBRARY = "libc++";
				CLANG_ENABLE_MODULES = YES;
				CLANG_ENABLE_OBJC_ARC = YES;
				CLANG_WARN_BOOL_CONVERSION = YES;
				CLANG_WARN_CONSTANT_CONVERSION = YES;
				CLANG_WARN_DIRECT_OBJC_ISA_USAGE = YES_ERROR;
				CLANG_WARN_EMPTY_BODY = YES;
				CLANG_WARN_ENUM_CONVERSION = YES;
				CLANG_WARN_INT_CONVERSION = YES;
				CLANG_WARN_OBJC_ROOT_CLASS = YES_ERROR;
				CLANG_WARN_UNREACHABLE_CODE = YES;
				CLANG_WARN__DUPLICATE_METHOD_MATCH = YES;
				"CODE_SIGN_IDENTITY[sdk=iphoneos*]" = "iPhone Developer";
				COPY_PHASE_STRIP = NO;
				ENABLE_STRICT_OBJC_MSGSEND = YES;
				GCC_C_LANGUAGE_STANDARD = gnu99;
				GCC_DYNAMIC_NO_PIC = NO;
				GCC_OPTIMIZATION_LEVEL = 0;
				GCC_PREPROCESSOR_DEFINITIONS = (
					"DEBUG=1",
					"$(inherited)",
				);
				GCC_SYMBOLS_PRIVATE_EXTERN = NO;
				GCC_WARN_64_TO_32_BIT_CONVERSION = YES;
				GCC_WARN_ABOUT_RETURN_TYPE = YES_ERROR;
				GCC_WARN_UNDECLARED_SELECTOR = YES;
				GCC_WARN_UNINITIALIZED_AUTOS = YES_AGGRESSIVE;
				GCC_WARN_UNUSED_FUNCTION = YES;
				GCC_WARN_UNUSED_VARIABLE = YES;
				IPHONEOS_DEPLOYMENT_TARGET = 8.1;
				MTL_ENABLE_DEBUG_INFO = YES;
				ONLY_ACTIVE_ARCH = YES;
				SDKROOT = iphoneos;
			};
			name = Debug;
		};
		BD4FA2C11A6D45D000E51C61 /* Release */ = {
			isa = XCBuildConfiguration;
			buildSettings = {
				ALWAYS_SEARCH_USER_PATHS = NO;
				CLANG_CXX_LANGUAGE_STANDARD = "gnu++0x";
				CLANG_CXX_LIBRARY = "libc++";
				CLANG_ENABLE_MODULES = YES;
				CLANG_ENABLE_OBJC_ARC = YES;
				CLANG_WARN_BOOL_CONVERSION = YES;
				CLANG_WARN_CONSTANT_CONVERSION = YES;
				CLANG_WARN_DIRECT_OBJC_ISA_USAGE = YES_ERROR;
				CLANG_WARN_EMPTY_BODY = YES;
				CLANG_WARN_ENUM_CONVERSION = YES;
				CLANG_WARN_INT_CONVERSION = YES;
				CLANG_WARN_OBJC_ROOT_CLASS = YES_ERROR;
				CLANG_WARN_UNREACHABLE_CODE = YES;
				CLANG_WARN__DUPLICATE_METHOD_MATCH = YES;
				"CODE_SIGN_IDENTITY[sdk=iphoneos*]" = "iPhone Developer";
				COPY_PHASE_STRIP = YES;
				ENABLE_NS_ASSERTIONS = NO;
				ENABLE_STRICT_OBJC_MSGSEND = YES;
				GCC_C_LANGUAGE_STANDARD = gnu99;
				GCC_WARN_64_TO_32_BIT_CONVERSION = YES;
				GCC_WARN_ABOUT_RETURN_TYPE = YES_ERROR;
				GCC_WARN_UNDECLARED_SELECTOR = YES;
				GCC_WARN_UNINITIALIZED_AUTOS = YES_AGGRESSIVE;
				GCC_WARN_UNUSED_FUNCTION = YES;
				GCC_WARN_UNUSED_VARIABLE = YES;
				IPHONEOS_DEPLOYMENT_TARGET = 8.1;
				MTL_ENABLE_DEBUG_INFO = NO;
				SDKROOT = iphoneos;
				VALIDATE_PRODUCT = YES;
			};
			name = Release;
		};
		BD4FA2C31A6D45D000E51C61 /* Debug */ = {
			isa = XCBuildConfiguration;
			buildSettings = {
				ASSETCATALOG_COMPILER_APPICON_NAME = AppIcon;
				INFOPLIST_FILE = HelloWorld/Info.plist;
				LD_RUNPATH_SEARCH_PATHS = "$(inherited) @executable_path/Frameworks";
				PRODUCT_NAME = "$(TARGET_NAME)";
			};
			name = Debug;
		};
		BD4FA2C41A6D45D000E51C61 /* Release */ = {
			isa = XCBuildConfiguration;
			buildSettings = {
				ASSETCATALOG_COMPILER_APPICON_NAME = AppIcon;
				INFOPLIST_FILE = HelloWorld/Info.plist;
				LD_RUNPATH_SEARCH_PATHS = "$(inherited) @executable_path/Frameworks";
				PRODUCT_NAME = "$(TARGET_NAME)";
			};
			name = Release;
		};
		BD4FA2C61A6D45D000E51C61 /* Debug */ = {
			isa = XCBuildConfiguration;
			buildSettings = {
				BUNDLE_LOADER = "$(TEST_HOST)";
				FRAMEWORK_SEARCH_PATHS = (
					"$(SDKROOT)/Developer/Library/Frameworks",
					"$(inherited)",
				);
				GCC_PREPROCESSOR_DEFINITIONS = (
					"DEBUG=1",
					"$(inherited)",
				);
				INFOPLIST_FILE = HelloWorldTests/Info.plist;
				LD_RUNPATH_SEARCH_PATHS = "$(inherited) @executable_path/Frameworks @loader_path/Frameworks";
				PRODUCT_NAME = "$(TARGET_NAME)";
				TEST_HOST = "$(BUILT_PRODUCTS_DIR)/HelloWorld.app/HelloWorld";
			};
			name = Debug;
		};
		BD4FA2C71A6D45D000E51C61 /* Release */ = {
			isa = XCBuildConfiguration;
			buildSettings = {
				BUNDLE_LOADER = "$(TEST_HOST)";
				FRAMEWORK_SEARCH_PATHS = (
					"$(SDKROOT)/Developer/Library/Frameworks",
					"$(inherited)",
				);
				INFOPLIST_FILE = HelloWorldTests/Info.plist;
				LD_RUNPATH_SEARCH_PATHS = "$(inherited) @executable_path/Frameworks @loader_path/Frameworks";
				PRODUCT_NAME = "$(TARGET_NAME)";
				TEST_HOST = "$(BUILT_PRODUCTS_DIR)/HelloWorld.app/HelloWorld";
			};
			name = Release;
		};
/* End XCBuildConfiguration section */

/* Begin XCConfigurationList section */
		BD4FA29A1A6D45D000E51C61 /* Build configuration list for PBXProject "HelloWorld" */ = {
			isa = XCConfigurationList;
			buildConfigurations = (
				BD4FA2C01A6D45D000E51C61 /* Debug */,
				BD4FA2C11A6D45D000E51C61 /* Release */,
			);
			defaultConfigurationIsVisible = 0;
			defaultConfigurationName = Release;
		};
		BD4FA2C21A6D45D000E51C61 /* Build configuration list for PBXNativeTarget "HelloWorld" */ = {
			isa = XCConfigurationList;
			buildConfigurations = (
				BD4FA2C31A6D45D000E51C61 /* Debug */,
				BD4FA2C41A6D45D000E51C61 /* Release */,
			);
			defaultConfigurationIsVisible = 0;
		};
		BD4FA2C51A6D45D000E51C61 /* Build configuration list for PBXNativeTarget "HelloWorldTests" */ = {
			isa = XCConfigurationList;
			buildConfigurations = (
				BD4FA2C61A6D45D000E51C61 /* Debug */,
				BD4FA2C71A6D45D000E51C61 /* Release */,
			);
			defaultConfigurationIsVisible = 0;
		};
/* End XCConfigurationList section */
	};
	rootObject = BD4FA2971A6D45D000E51C61 /* Project object */;
}
